
Microsoft Visual Studio Solution File, Format Version 12.00
# Visual Studio Version 16
VisualStudioVersion = 16.0.29102.190
MinimumVisualStudioVersion = 10.0.40219.1
Project("{FAE04EC0-301F-11D3-BF4B-00C04F79EFBC}") = "Multiple Forms", "Multiple Forms.csproj", "{76E148C7-8276-4A53-8F7E-7C229C8EF012}"
EndProject
Global
	GlobalSection(SolutionConfigurationPlatforms) = preSolution
		Debug|Any CPU = Debug|Any CPU
		Release|Any CPU = Release|Any CPU
	EndGlobalSection
	GlobalSection(ProjectConfigurationPlatforms) = postSolution
		{76E148C7-8276-4A53-8F7E-7C229C8EF012}.Debug|Any CPU.ActiveCfg = Debug|Any CPU
		{76E148C7-8276-4A53-8F7E-7C229C8EF012}.Debug|Any CPU.Build.0 = Debug|Any CPU
		{76E148C7-8276-4A53-8F7E-7C229C8EF012}.Release|Any CPU.ActiveCfg = Release|Any CPU
		{76E148C7-8276-4A53-8F7E-7C229C8EF012}.Release|Any CPU.Build.0 = Release|Any CPU
	EndGlobalSection
	GlobalSection(SolutionProperties) = preSolution
		HideSolutionNode = FALSE
	EndGlobalSection
	GlobalSection(ExtensibilityGlobals) = postSolution
		SolutionGuid = {59F3B312-5753-446F-B5AD-30A7BAFA0486}
	EndGlobalSection
EndGlobal
