
Microsoft Visual Studio Solution File, Format Version 12.00
# Visual Studio Version 16
VisualStudioVersion = 16.0.29102.190
MinimumVisualStudioVersion = 10.0.40219.1
Project("{FAE04EC0-301F-11D3-BF4B-00C04F79EFBC}") = "Exceptions", "Exceptions.csproj", "{5F7186D4-3C18-4B48-A0CE-1E20C231AD2B}"
EndProject
Global
	GlobalSection(SolutionConfigurationPlatforms) = preSolution
		Debug|Any CPU = Debug|Any CPU
		Release|Any CPU = Release|Any CPU
	EndGlobalSection
	GlobalSection(ProjectConfigurationPlatforms) = postSolution
		{5F7186D4-3C18-4B48-A0CE-1E20C231AD2B}.Debug|Any CPU.ActiveCfg = Debug|Any CPU
		{5F7186D4-3C18-4B48-A0CE-1E20C231AD2B}.Debug|Any CPU.Build.0 = Debug|Any CPU
		{5F7186D4-3C18-4B48-A0CE-1E20C231AD2B}.Release|Any CPU.ActiveCfg = Release|Any CPU
		{5F7186D4-3C18-4B48-A0CE-1E20C231AD2B}.Release|Any CPU.Build.0 = Release|Any CPU
	EndGlobalSection
	GlobalSection(SolutionProperties) = preSolution
		HideSolutionNode = FALSE
	EndGlobalSection
	GlobalSection(ExtensibilityGlobals) = postSolution
		SolutionGuid = {8EEBB041-E28B-48B6-8771-17CD33825FA3}
	EndGlobalSection
EndGlobal
