
Microsoft Visual Studio Solution File, Format Version 12.00
# Visual Studio Version 16
VisualStudioVersion = 16.0.29102.190
MinimumVisualStudioVersion = 10.0.40219.1
Project("{FAE04EC0-301F-11D3-BF4B-00C04F79EFBC}") = "Dictionary Search and Complexity", "Dictionary Search and Complexity.csproj", "{47698052-1E47-4ECC-BEA7-C424F93618DF}"
EndProject
Global
	GlobalSection(SolutionConfigurationPlatforms) = preSolution
		Debug|Any CPU = Debug|Any CPU
		Release|Any CPU = Release|Any CPU
	EndGlobalSection
	GlobalSection(ProjectConfigurationPlatforms) = postSolution
		{47698052-1E47-4ECC-BEA7-C424F93618DF}.Debug|Any CPU.ActiveCfg = Debug|Any CPU
		{47698052-1E47-4ECC-BEA7-C424F93618DF}.Debug|Any CPU.Build.0 = Debug|Any CPU
		{47698052-1E47-4ECC-BEA7-C424F93618DF}.Release|Any CPU.ActiveCfg = Release|Any CPU
		{47698052-1E47-4ECC-BEA7-C424F93618DF}.Release|Any CPU.Build.0 = Release|Any CPU
	EndGlobalSection
	GlobalSection(SolutionProperties) = preSolution
		HideSolutionNode = FALSE
	EndGlobalSection
	GlobalSection(ExtensibilityGlobals) = postSolution
		SolutionGuid = {78018DD6-A036-4E2F-BAC1-E96E8F9B8643}
	EndGlobalSection
EndGlobal
