
Microsoft Visual Studio Solution File, Format Version 12.00
# Visual Studio Version 16
VisualStudioVersion = 16.0.29102.190
MinimumVisualStudioVersion = 10.0.40219.1
Project("{FAE04EC0-301F-11D3-BF4B-00C04F79EFBC}") = "Binary File IO", "Binary File IO.csproj", "{AD8AAE4D-6EB4-46FD-96A5-B0CC84A504B1}"
EndProject
Global
	GlobalSection(SolutionConfigurationPlatforms) = preSolution
		Debug|Any CPU = Debug|Any CPU
		Release|Any CPU = Release|Any CPU
	EndGlobalSection
	GlobalSection(ProjectConfigurationPlatforms) = postSolution
		{AD8AAE4D-6EB4-46FD-96A5-B0CC84A504B1}.Debug|Any CPU.ActiveCfg = Debug|Any CPU
		{AD8AAE4D-6EB4-46FD-96A5-B0CC84A504B1}.Debug|Any CPU.Build.0 = Debug|Any CPU
		{AD8AAE4D-6EB4-46FD-96A5-B0CC84A504B1}.Release|Any CPU.ActiveCfg = Release|Any CPU
		{AD8AAE4D-6EB4-46FD-96A5-B0CC84A504B1}.Release|Any CPU.Build.0 = Release|Any CPU
	EndGlobalSection
	GlobalSection(SolutionProperties) = preSolution
		HideSolutionNode = FALSE
	EndGlobalSection
	GlobalSection(ExtensibilityGlobals) = postSolution
		SolutionGuid = {2E0562F9-33D5-4C7F-8BD3-FAF8805A3A35}
	EndGlobalSection
EndGlobal
