
Microsoft Visual Studio Solution File, Format Version 12.00
# Visual Studio Version 16
VisualStudioVersion = 16.0.29102.190
MinimumVisualStudioVersion = 10.0.40219.1
Project("{FAE04EC0-301F-11D3-BF4B-00C04F79EFBC}") = "Windows UI - The Hard Way", "Windows UI - The Hard Way.csproj", "{133081BB-6138-4125-AF60-ADF4336A515D}"
EndProject
Global
	GlobalSection(SolutionConfigurationPlatforms) = preSolution
		Debug|Any CPU = Debug|Any CPU
		Release|Any CPU = Release|Any CPU
	EndGlobalSection
	GlobalSection(ProjectConfigurationPlatforms) = postSolution
		{133081BB-6138-4125-AF60-ADF4336A515D}.Debug|Any CPU.ActiveCfg = Debug|Any CPU
		{133081BB-6138-4125-AF60-ADF4336A515D}.Debug|Any CPU.Build.0 = Debug|Any CPU
		{133081BB-6138-4125-AF60-ADF4336A515D}.Release|Any CPU.ActiveCfg = Release|Any CPU
		{133081BB-6138-4125-AF60-ADF4336A515D}.Release|Any CPU.Build.0 = Release|Any CPU
	EndGlobalSection
	GlobalSection(SolutionProperties) = preSolution
		HideSolutionNode = FALSE
	EndGlobalSection
	GlobalSection(ExtensibilityGlobals) = postSolution
		SolutionGuid = {16877655-0E91-460E-8C4A-43E8347AC2FF}
	EndGlobalSection
EndGlobal
