
Microsoft Visual Studio Solution File, Format Version 12.00
# Visual Studio Version 16
VisualStudioVersion = 16.0.29102.190
MinimumVisualStudioVersion = 10.0.40219.1
Project("{FAE04EC0-301F-11D3-BF4B-00C04F79EFBC}") = "Custom Stacks and Queues", "Custom Stacks and Queues.csproj", "{6058D20C-86ED-4F9C-B4C4-855B2016EFE1}"
EndProject
Global
	GlobalSection(SolutionConfigurationPlatforms) = preSolution
		Debug|Any CPU = Debug|Any CPU
		Release|Any CPU = Release|Any CPU
	EndGlobalSection
	GlobalSection(ProjectConfigurationPlatforms) = postSolution
		{6058D20C-86ED-4F9C-B4C4-855B2016EFE1}.Debug|Any CPU.ActiveCfg = Debug|Any CPU
		{6058D20C-86ED-4F9C-B4C4-855B2016EFE1}.Debug|Any CPU.Build.0 = Debug|Any CPU
		{6058D20C-86ED-4F9C-B4C4-855B2016EFE1}.Release|Any CPU.ActiveCfg = Release|Any CPU
		{6058D20C-86ED-4F9C-B4C4-855B2016EFE1}.Release|Any CPU.Build.0 = Release|Any CPU
	EndGlobalSection
	GlobalSection(SolutionProperties) = preSolution
		HideSolutionNode = FALSE
	EndGlobalSection
	GlobalSection(ExtensibilityGlobals) = postSolution
		SolutionGuid = {0516B9FD-BA90-47F5-AA4B-9A283F722009}
	EndGlobalSection
EndGlobal
